
Microsoft Visual Studio Solution File, Format Version 12.00
# Visual Studio Version 16
VisualStudioVersion = 25.0.1700.7
MinimumVisualStudioVersion = 10.0.40219.1
Project("{FAE04EC0-301F-11D3-BF4B-00C04F79EFBC}") = "LocHelp", "Projet2_groupe2\LocHelp.csproj", "{025E1568-2517-4F1E-B2F8-74C9E906DF06}"
EndProject
Project("{FAE04EC0-301F-11D3-BF4B-00C04F79EFBC}") = "xUnitTestLocHelp", "xUnitTestLocHelp\xUnitTestLocHelp.csproj", "{D63A6B9F-32D3-40C8-A96E-C542315C556D}"
EndProject
Global
	GlobalSection(SolutionConfigurationPlatforms) = preSolution
		Debug|Any CPU = Debug|Any CPU
		Release|Any CPU = Release|Any CPU
	EndGlobalSection
	GlobalSection(ProjectConfigurationPlatforms) = postSolution
		{025E1568-2517-4F1E-B2F8-74C9E906DF06}.Debug|Any CPU.ActiveCfg = Debug|Any CPU
		{025E1568-2517-4F1E-B2F8-74C9E906DF06}.Debug|Any CPU.Build.0 = Debug|Any CPU
		{025E1568-2517-4F1E-B2F8-74C9E906DF06}.Release|Any CPU.ActiveCfg = Release|Any CPU
		{025E1568-2517-4F1E-B2F8-74C9E906DF06}.Release|Any CPU.Build.0 = Release|Any CPU
		{D63A6B9F-32D3-40C8-A96E-C542315C556D}.Debug|Any CPU.ActiveCfg = Debug|Any CPU
		{D63A6B9F-32D3-40C8-A96E-C542315C556D}.Debug|Any CPU.Build.0 = Debug|Any CPU
		{D63A6B9F-32D3-40C8-A96E-C542315C556D}.Release|Any CPU.ActiveCfg = Release|Any CPU
		{D63A6B9F-32D3-40C8-A96E-C542315C556D}.Release|Any CPU.Build.0 = Release|Any CPU
	EndGlobalSection
	GlobalSection(SolutionProperties) = preSolution
		HideSolutionNode = FALSE
	EndGlobalSection
	GlobalSection(ExtensibilityGlobals) = postSolution
		SolutionGuid = {1E287B13-DC5C-401D-9C07-79274D060464}
	EndGlobalSection
EndGlobal
